{
	"hash": "d41d8cd98f00b204e9800998ecf8427e",
	"updated": "2019-05-30T14:45:37.3894261-03:00",
	"installedModules": {
		"bitbucket.org/sglienke/spring4d.git": {
			"name": "spring4d.git",
			"version": "2.0-alpha.2",
			"hash": "5b76161482d285e976c513b529c502c4d349d16024ca7410e59d9a0c48a12d3f",
			"artifacts": {
				"bin": [],
				"dcp": [],
				"dcu": [],
				"bpl": []
			},
			"failed": false
		},
		"github.com/charoleizer/utils-genericsrtti.git": {
			"name": "utils-genericsrtti.git",
			"version": "master",
			"hash": "41d6ae35fa78c6ad3ce3b8a5e8e1d8a6da31295ff2b02f82bbbd76b16dd7e66a",
			"artifacts": {
				"bin": [],
				"dcp": [],
				"dcu": [],
				"bpl": []
			},
			"failed": false
		}
	}
}